
Microsoft Visual Studio Solution File, Format Version 12.00
# Visual Studio Version 17
VisualStudioVersion = 17.14.36623.8 d17.14
MinimumVisualStudioVersion = 10.0.40219.1
Project("{8BC9CEB8-8B4A-11D0-8D11-00A0C91BC942}") = "13-1", "13-1.vcxproj", "{21680297-4A60-4038-AEE5-447D09B58425}"
EndProject
Global
	GlobalSection(SolutionConfigurationPlatforms) = preSolution
		Debug|x64 = Debug|x64
		Develop|x64 = Develop|x64
		Release|x64 = Release|x64
	EndGlobalSection
	GlobalSection(ProjectConfigurationPlatforms) = postSolution
		{21680297-4A60-4038-AEE5-447D09B58425}.Debug|x64.ActiveCfg = Debug|x64
		{21680297-4A60-4038-AEE5-447D09B58425}.Debug|x64.Build.0 = Debug|x64
		{21680297-4A60-4038-AEE5-447D09B58425}.Develop|x64.ActiveCfg = Develop|x64
		{21680297-4A60-4038-AEE5-447D09B58425}.Develop|x64.Build.0 = Develop|x64
		{21680297-4A60-4038-AEE5-447D09B58425}.Release|x64.ActiveCfg = Release|x64
		{21680297-4A60-4038-AEE5-447D09B58425}.Release|x64.Build.0 = Release|x64
	EndGlobalSection
	GlobalSection(SolutionProperties) = preSolution
		HideSolutionNode = FALSE
	EndGlobalSection
	GlobalSection(ExtensibilityGlobals) = postSolution
		SolutionGuid = {85E77C90-6D14-4C2E-A839-D3F03F92F6FB}
	EndGlobalSection
EndGlobal
